// !$*UTF8*$!
{
	archiveVersion = 1;
	classes = {
	};
	objectVersion = 46;
	objects = {

/* Begin PBXBuildFile section */
		0E56361017E70E87F0387781 /* Pods_MovieBrowsing.framework in Frameworks */ = {isa = PBXBuildFile; fileRef = 852A41A56262807A27BB6A7E /* Pods_MovieBrowsing.framework */; };
		1A1DB44C1C572EE000EF0E8C /* DetailViewController.swift in Sources */ = {isa = PBXBuildFile; fileRef = 1A1DB44B1C572EE000EF0E8C /* DetailViewController.swift */; };
		1AC0705F1C4D906A000E3DB3 /* AppDelegate.swift in Sources */ = {isa = PBXBuildFile; fileRef = 1AC0705E1C4D906A000E3DB3 /* AppDelegate.swift */; };
		1AC070641C4D906A000E3DB3 /* Main.storyboard in Resources */ = {isa = PBXBuildFile; fileRef = 1AC070621C4D906A000E3DB3 /* Main.storyboard */; };
		1AC070661C4D906A000E3DB3 /* Assets.xcassets in Resources */ = {isa = PBXBuildFile; fileRef = 1AC070651C4D906A000E3DB3 /* Assets.xcassets */; };
		1AC070691C4D906A000E3DB3 /* LaunchScreen.storyboard in Resources */ = {isa = PBXBuildFile; fileRef = 1AC070671C4D906A000E3DB3 /* LaunchScreen.storyboard */; };
		1AC070711C4D9159000E3DB3 /* MoviesViewController.swift in Sources */ = {isa = PBXBuildFile; fileRef = 1AC070701C4D9159000E3DB3 /* MoviesViewController.swift */; };
		1AC070741C4DDCE5000E3DB3 /* MovieCell.swift in Sources */ = {isa = PBXBuildFile; fileRef = 1AC070731C4DDCE5000E3DB3 /* MovieCell.swift */; };
/* End PBXBuildFile section */

/* Begin PBXFileReference section */
		1A1DB44B1C572EE000EF0E8C /* DetailViewController.swift */ = {isa = PBXFileReference; fileEncoding = 4; lastKnownFileType = sourcecode.swift; path = DetailViewController.swift; sourceTree = "<group>"; };
		1AC0705B1C4D906A000E3DB3 /* MovieBrowsing.app */ = {isa = PBXFileReference; explicitFileType = wrapper.application; includeInIndex = 0; path = MovieBrowsing.app; sourceTree = BUILT_PRODUCTS_DIR; };
		1AC0705E1C4D906A000E3DB3 /* AppDelegate.swift */ = {isa = PBXFileReference; lastKnownFileType = sourcecode.swift; path = AppDelegate.swift; sourceTree = "<group>"; };
		1AC070631C4D906A000E3DB3 /* Base */ = {isa = PBXFileReference; lastKnownFileType = file.storyboard; name = Base; path = Base.lproj/Main.storyboard; sourceTree = "<group>"; };
		1AC070651C4D906A000E3DB3 /* Assets.xcassets */ = {isa = PBXFileReference; lastKnownFileType = folder.assetcatalog; path = Assets.xcassets; sourceTree = "<group>"; };
		1AC070681C4D906A000E3DB3 /* Base */ = {isa = PBXFileReference; lastKnownFileType = file.storyboard; name = Base; path = Base.lproj/LaunchScreen.storyboard; sourceTree = "<group>"; };
		1AC0706A1C4D906A000E3DB3 /* Info.plist */ = {isa = PBXFileReference; lastKnownFileType = text.plist.xml; path = Info.plist; sourceTree = "<group>"; };
		1AC070701C4D9159000E3DB3 /* MoviesViewController.swift */ = {isa = PBXFileReference; fileEncoding = 4; lastKnownFileType = sourcecode.swift; path = MoviesViewController.swift; sourceTree = "<group>"; };
		1AC070731C4DDCE5000E3DB3 /* MovieCell.swift */ = {isa = PBXFileReference; fileEncoding = 4; lastKnownFileType = sourcecode.swift; path = MovieCell.swift; sourceTree = "<group>"; };
		250B9D2C9891BB747ED64DF2 /* Pods-MovieBrowsing.debug.xcconfig */ = {isa = PBXFileReference; includeInIndex = 1; lastKnownFileType = text.xcconfig; name = "Pods-MovieBrowsing.debug.xcconfig"; path = "Pods/Target Support Files/Pods-MovieBrowsing/Pods-MovieBrowsing.debug.xcconfig"; sourceTree = "<group>"; };
		852A41A56262807A27BB6A7E /* Pods_MovieBrowsing.framework */ = {isa = PBXFileReference; explicitFileType = wrapper.framework; includeInIndex = 0; path = Pods_MovieBrowsing.framework; sourceTree = BUILT_PRODUCTS_DIR; };
		F3C94FCD5C787936B4292FF7 /* Pods-MovieBrowsing.release.xcconfig */ = {isa = PBXFileReference; includeInIndex = 1; lastKnownFileType = text.xcconfig; name = "Pods-MovieBrowsing.release.xcconfig"; path = "Pods/Target Support Files/Pods-MovieBrowsing/Pods-MovieBrowsing.release.xcconfig"; sourceTree = "<group>"; };
/* End PBXFileReference section */

/* Begin PBXFrameworksBuildPhase section */
		1AC070581C4D906A000E3DB3 /* Frameworks */ = {
			isa = PBXFrameworksBuildPhase;
			buildActionMask = 2147483647;
			files = (
				0E56361017E70E87F0387781 /* Pods_MovieBrowsing.framework in Frameworks */,
			);
			runOnlyForDeploymentPostprocessing = 0;
		};
/* End PBXFrameworksBuildPhase section */

/* Begin PBXGroup section */
		1AC070521C4D906A000E3DB3 = {
			isa = PBXGroup;
			children = (
				1AC0705D1C4D906A000E3DB3 /* MovieBrowsing */,
				1AC0705C1C4D906A000E3DB3 /* Products */,
				D2E99CF62514BF4BAF5C0514 /* Pods */,
				F3E1DFD293702AA99E1B1CF3 /* Frameworks */,
			);
			sourceTree = "<group>";
		};
		1AC0705C1C4D906A000E3DB3 /* Products */ = {
			isa = PBXGroup;
			children = (
				1AC0705B1C4D906A000E3DB3 /* MovieBrowsing.app */,
			);
			name = Products;
			sourceTree = "<group>";
		};
		1AC0705D1C4D906A000E3DB3 /* MovieBrowsing */ = {
			isa = PBXGroup;
			children = (
				1AC070751C4DDCEC000E3DB3 /* view controller */,
				1AC070721C4DDC07000E3DB3 /* Views */,
				1AC0705E1C4D906A000E3DB3 /* AppDelegate.swift */,
				1AC070621C4D906A000E3DB3 /* Main.storyboard */,
				1AC070651C4D906A000E3DB3 /* Assets.xcassets */,
				1AC070671C4D906A000E3DB3 /* LaunchScreen.storyboard */,
				1AC0706A1C4D906A000E3DB3 /* Info.plist */,
			);
			path = MovieBrowsing;
			sourceTree = "<group>";
		};
		1AC070721C4DDC07000E3DB3 /* Views */ = {
			isa = PBXGroup;
			children = (
				1AC070731C4DDCE5000E3DB3 /* MovieCell.swift */,
			);
			name = Views;
			sourceTree = "<group>";
		};
		1AC070751C4DDCEC000E3DB3 /* view controller */ = {
			isa = PBXGroup;
			children = (
				1AC070701C4D9159000E3DB3 /* MoviesViewController.swift */,
				1A1DB44B1C572EE000EF0E8C /* DetailViewController.swift */,
			);
			name = "view controller";
			sourceTree = "<group>";
		};
		D2E99CF62514BF4BAF5C0514 /* Pods */ = {
			isa = PBXGroup;
			children = (
				250B9D2C9891BB747ED64DF2 /* Pods-MovieBrowsing.debug.xcconfig */,
				F3C94FCD5C787936B4292FF7 /* Pods-MovieBrowsing.release.xcconfig */,
			);
			name = Pods;
			sourceTree = "<group>";
		};
		F3E1DFD293702AA99E1B1CF3 /* Frameworks */ = {
			isa = PBXGroup;
			children = (
				852A41A56262807A27BB6A7E /* Pods_MovieBrowsing.framework */,
			);
			name = Frameworks;
			sourceTree = "<group>";
		};
/* End PBXGroup section */

/* Begin PBXNativeTarget section */
		1AC0705A1C4D906A000E3DB3 /* MovieBrowsing */ = {
			isa = PBXNativeTarget;
			buildConfigurationList = 1AC0706D1C4D906A000E3DB3 /* Build configuration list for PBXNativeTarget "MovieBrowsing" */;
			buildPhases = (
				2662484E647DD125EDDCAA52 /* Check Pods Manifest.lock */,
				1AC070571C4D906A000E3DB3 /* Sources */,
				1AC070581C4D906A000E3DB3 /* Frameworks */,
				1AC070591C4D906A000E3DB3 /* Resources */,
				A695D3311C9314FC4225170F /* Embed Pods Frameworks */,
				FE2F815C03CE0C9E33F2BAD7 /* Copy Pods Resources */,
			);
			buildRules = (
			);
			dependencies = (
			);
			name = MovieBrowsing;
			productName = MovieBrowsing;
			productReference = 1AC0705B1C4D906A000E3DB3 /* MovieBrowsing.app */;
			productType = "com.apple.product-type.application";
		};
/* End PBXNativeTarget section */

/* Begin PBXProject section */
		1AC070531C4D906A000E3DB3 /* Project object */ = {
			isa = PBXProject;
			attributes = {
				LastSwiftUpdateCheck = 0720;
				LastUpgradeCheck = 0720;
				ORGANIZATIONNAME = "Youcef Iratni";
				TargetAttributes = {
					1AC0705A1C4D906A000E3DB3 = {
						CreatedOnToolsVersion = 7.2;
						DevelopmentTeam = 9E44B8SM4R;
					};
				};
			};
			buildConfigurationList = 1AC070561C4D906A000E3DB3 /* Build configuration list for PBXProject "MovieBrowsing" */;
			compatibilityVersion = "Xcode 3.2";
			developmentRegion = English;
			hasScannedForEncodings = 0;
			knownRegions = (
				en,
				Base,
			);
			mainGroup = 1AC070521C4D906A000E3DB3;
			productRefGroup = 1AC0705C1C4D906A000E3DB3 /* Products */;
			projectDirPath = "";
			projectRoot = "";
			targets = (
				1AC0705A1C4D906A000E3DB3 /* MovieBrowsing */,
			);
		};
/* End PBXProject section */

/* Begin PBXResourcesBuildPhase section */
		1AC070591C4D906A000E3DB3 /* Resources */ = {
			isa = PBXResourcesBuildPhase;
			buildActionMask = 2147483647;
			files = (
				1AC070691C4D906A000E3DB3 /* LaunchScreen.storyboard in Resources */,
				1AC070661C4D906A000E3DB3 /* Assets.xcassets in Resources */,
				1AC070641C4D906A000E3DB3 /* Main.storyboard in Resources */,
			);
			runOnlyForDeploymentPostprocessing = 0;
		};
/* End PBXResourcesBuildPhase section */

/* Begin PBXShellScriptBuildPhase section */
		2662484E647DD125EDDCAA52 /* Check Pods Manifest.lock */ = {
			isa = PBXShellScriptBuildPhase;
			buildActionMask = 2147483647;
			files = (
			);
			inputPaths = (
			);
			name = "Check Pods Manifest.lock";
			outputPaths = (
			);
			runOnlyForDeploymentPostprocessing = 0;
			shellPath = /bin/sh;
			shellScript = "diff \"${PODS_ROOT}/../Podfile.lock\" \"${PODS_ROOT}/Manifest.lock\" > /dev/null\nif [[ $? != 0 ]] ; then\n    cat << EOM\nerror: The sandbox is not in sync with the Podfile.lock. Run 'pod install' or update your CocoaPods installation.\nEOM\n    exit 1\nfi\n";
			showEnvVarsInLog = 0;
		};
		A695D3311C9314FC4225170F /* Embed Pods Frameworks */ = {
			isa = PBXShellScriptBuildPhase;
			buildActionMask = 2147483647;
			files = (
			);
			inputPaths = (
			);
			name = "Embed Pods Frameworks";
			outputPaths = (
			);
			runOnlyForDeploymentPostprocessing = 0;
			shellPath = /bin/sh;
			shellScript = "\"${SRCROOT}/Pods/Target Support Files/Pods-MovieBrowsing/Pods-MovieBrowsing-frameworks.sh\"\n";
			showEnvVarsInLog = 0;
		};
		FE2F815C03CE0C9E33F2BAD7 /* Copy Pods Resources */ = {
			isa = PBXShellScriptBuildPhase;
			buildActionMask = 2147483647;
			files = (
			);
			inputPaths = (
			);
			name = "Copy Pods Resources";
			outputPaths = (
			);
			runOnlyForDeploymentPostprocessing = 0;
			shellPath = /bin/sh;
			shellScript = "\"${SRCROOT}/Pods/Target Support Files/Pods-MovieBrowsing/Pods-MovieBrowsing-resources.sh\"\n";
			showEnvVarsInLog = 0;
		};
/* End PBXShellScriptBuildPhase section */

/* Begin PBXSourcesBuildPhase section */
		1AC070571C4D906A000E3DB3 /* Sources */ = {
			isa = PBXSourcesBuildPhase;
			buildActionMask = 2147483647;
			files = (
				1AC0705F1C4D906A000E3DB3 /* AppDelegate.swift in Sources */,
				1AC070711C4D9159000E3DB3 /* MoviesViewController.swift in Sources */,
				1AC070741C4DDCE5000E3DB3 /* MovieCell.swift in Sources */,
				1A1DB44C1C572EE000EF0E8C /* DetailViewController.swift in Sources */,
			);
			runOnlyForDeploymentPostprocessing = 0;
		};
/* End PBXSourcesBuildPhase section */

/* Begin PBXVariantGroup section */
		1AC070621C4D906A000E3DB3 /* Main.storyboard */ = {
			isa = PBXVariantGroup;
			children = (
				1AC070631C4D906A000E3DB3 /* Base */,
			);
			name = Main.storyboard;
			sourceTree = "<group>";
		};
		1AC070671C4D906A000E3DB3 /* LaunchScreen.storyboard */ = {
			isa = PBXVariantGroup;
			children = (
				1AC070681C4D906A000E3DB3 /* Base */,
			);
			name = LaunchScreen.storyboard;
			sourceTree = "<group>";
		};
/* End PBXVariantGroup section */

/* Begin XCBuildConfiguration section */
		1AC0706B1C4D906A000E3DB3 /* Debug */ = {
			isa = XCBuildConfiguration;
			buildSettings = {
				ALWAYS_SEARCH_USER_PATHS = NO;
				CLANG_CXX_LANGUAGE_STANDARD = "gnu++0x";
				CLANG_CXX_LIBRARY = "libc++";
				CLANG_ENABLE_MODULES = YES;
				CLANG_ENABLE_OBJC_ARC = YES;
				CLANG_WARN_BOOL_CONVERSION = YES;
				CLANG_WARN_CONSTANT_CONVERSION = YES;
				CLANG_WARN_DIRECT_OBJC_ISA_USAGE = YES_ERROR;
				CLANG_WARN_EMPTY_BODY = YES;
				CLANG_WARN_ENUM_CONVERSION = YES;
				CLANG_WARN_INT_CONVERSION = YES;
				CLANG_WARN_OBJC_ROOT_CLASS = YES_ERROR;
				CLANG_WARN_UNREACHABLE_CODE = YES;
				CLANG_WARN__DUPLICATE_METHOD_MATCH = YES;
				"CODE_SIGN_IDENTITY[sdk=iphoneos*]" = "iPhone Developer";
				COPY_PHASE_STRIP = NO;
				DEBUG_INFORMATION_FORMAT = dwarf;
				ENABLE_STRICT_OBJC_MSGSEND = YES;
				ENABLE_TESTABILITY = YES;
				GCC_C_LANGUAGE_STANDARD = gnu99;
				GCC_DYNAMIC_NO_PIC = NO;
				GCC_NO_COMMON_BLOCKS = YES;
				GCC_OPTIMIZATION_LEVEL = 0;
				GCC_PREPROCESSOR_DEFINITIONS = (
					"DEBUG=1",
					"$(inherited)",
				);
				GCC_WARN_64_TO_32_BIT_CONVERSION = YES;
				GCC_WARN_ABOUT_RETURN_TYPE = YES_ERROR;
				GCC_WARN_UNDECLARED_SELECTOR = YES;
				GCC_WARN_UNINITIALIZED_AUTOS = YES_AGGRESSIVE;
				GCC_WARN_UNUSED_FUNCTION = YES;
				GCC_WARN_UNUSED_VARIABLE = YES;
				IPHONEOS_DEPLOYMENT_TARGET = 9.2;
				MTL_ENABLE_DEBUG_INFO = YES;
				ONLY_ACTIVE_ARCH = YES;
				SDKROOT = iphoneos;
				SWIFT_OPTIMIZATION_LEVEL = "-Onone";
			};
			name = Debug;
		};
		1AC0706C1C4D906A000E3DB3 /* Release */ = {
			isa = XCBuildConfiguration;
			buildSettings = {
				ALWAYS_SEARCH_USER_PATHS = NO;
				CLANG_CXX_LANGUAGE_STANDARD = "gnu++0x";
				CLANG_CXX_LIBRARY = "libc++";
				CLANG_ENABLE_MODULES = YES;
				CLANG_ENABLE_OBJC_ARC = YES;
				CLANG_WARN_BOOL_CONVERSION = YES;
				CLANG_WARN_CONSTANT_CONVERSION = YES;
				CLANG_WARN_DIRECT_OBJC_ISA_USAGE = YES_ERROR;
				CLANG_WARN_EMPTY_BODY = YES;
				CLANG_WARN_ENUM_CONVERSION = YES;
				CLANG_WARN_INT_CONVERSION = YES;
				CLANG_WARN_OBJC_ROOT_CLASS = YES_ERROR;
				CLANG_WARN_UNREACHABLE_CODE = YES;
				CLANG_WARN__DUPLICATE_METHOD_MATCH = YES;
				"CODE_SIGN_IDENTITY[sdk=iphoneos*]" = "iPhone Developer";
				COPY_PHASE_STRIP = NO;
				DEBUG_INFORMATION_FORMAT = "dwarf-with-dsym";
				ENABLE_NS_ASSERTIONS = NO;
				ENABLE_STRICT_OBJC_MSGSEND = YES;
				GCC_C_LANGUAGE_STANDARD = gnu99;
				GCC_NO_COMMON_BLOCKS = YES;
				GCC_WARN_64_TO_32_BIT_CONVERSION = YES;
				GCC_WARN_ABOUT_RETURN_TYPE = YES_ERROR;
				GCC_WARN_UNDECLARED_SELECTOR = YES;
				GCC_WARN_UNINITIALIZED_AUTOS = YES_AGGRESSIVE;
				GCC_WARN_UNUSED_FUNCTION = YES;
				GCC_WARN_UNUSED_VARIABLE = YES;
				IPHONEOS_DEPLOYMENT_TARGET = 9.2;
				MTL_ENABLE_DEBUG_INFO = NO;
				SDKROOT = iphoneos;
				VALIDATE_PRODUCT = YES;
			};
			name = Release;
		};
		1AC0706E1C4D906A000E3DB3 /* Debug */ = {
			isa = XCBuildConfiguration;
			baseConfigurationReference = 250B9D2C9891BB747ED64DF2 /* Pods-MovieBrowsing.debug.xcconfig */;
			buildSettings = {
				ASSETCATALOG_COMPILER_APPICON_NAME = AppIcon;
				INFOPLIST_FILE = MovieBrowsing/Info.plist;
				LD_RUNPATH_SEARCH_PATHS = "$(inherited) @executable_path/Frameworks";
				PRODUCT_BUNDLE_IDENTIFIER = com.YoucefIratni.MovieBrowsing;
				PRODUCT_NAME = "$(TARGET_NAME)";
			};
			name = Debug;
		};
		1AC0706F1C4D906A000E3DB3 /* Release */ = {
			isa = XCBuildConfiguration;
			baseConfigurationReference = F3C94FCD5C787936B4292FF7 /* Pods-MovieBrowsing.release.xcconfig */;
			buildSettings = {
				ASSETCATALOG_COMPILER_APPICON_NAME = AppIcon;
				INFOPLIST_FILE = MovieBrowsing/Info.plist;
				LD_RUNPATH_SEARCH_PATHS = "$(inherited) @executable_path/Frameworks";
				PRODUCT_BUNDLE_IDENTIFIER = com.YoucefIratni.MovieBrowsing;
				PRODUCT_NAME = "$(TARGET_NAME)";
			};
			name = Release;
		};
/* End XCBuildConfiguration section */

/* Begin XCConfigurationList section */
		1AC070561C4D906A000E3DB3 /* Build configuration list for PBXProject "MovieBrowsing" */ = {
			isa = XCConfigurationList;
			buildConfigurations = (
				1AC0706B1C4D906A000E3DB3 /* Debug */,
				1AC0706C1C4D906A000E3DB3 /* Release */,
			);
			defaultConfigurationIsVisible = 0;
			defaultConfigurationName = Release;
		};
		1AC0706D1C4D906A000E3DB3 /* Build configuration list for PBXNativeTarget "MovieBrowsing" */ = {
			isa = XCConfigurationList;
			buildConfigurations = (
				1AC0706E1C4D906A000E3DB3 /* Debug */,
				1AC0706F1C4D906A000E3DB3 /* Release */,
			);
			defaultConfigurationIsVisible = 0;
			defaultConfigurationName = Release;
		};
/* End XCConfigurationList section */
	};
	rootObject = 1AC070531C4D906A000E3DB3 /* Project object */;
}
